
Microsoft Visual Studio Solution File, Format Version 12.00
# Visual Studio Version 16
VisualStudioVersion = 16.0.31321.278
MinimumVisualStudioVersion = 10.0.40219.1
Project("{FAE04EC0-301F-11D3-BF4B-00C04F79EFBC}") = "Create Table Project", "Create Table Project\Create Table Project.csproj", "{8D8439ED-5C76-4B32-9B17-F0B8E0498C1B}"
EndProject
Project("{FAE04EC0-301F-11D3-BF4B-00C04F79EFBC}") = "PABD_Activity1", "..\PABD_Activity1\PABD_Activity1\PABD_Activity1.csproj", "{7824BBF8-BADC-4C6D-895E-DC486A2149A5}"
EndProject
Global
	GlobalSection(SolutionConfigurationPlatforms) = preSolution
		Debug|Any CPU = Debug|Any CPU
		Release|Any CPU = Release|Any CPU
	EndGlobalSection
	GlobalSection(ProjectConfigurationPlatforms) = postSolution
		{8D8439ED-5C76-4B32-9B17-F0B8E0498C1B}.Debug|Any CPU.ActiveCfg = Debug|Any CPU
		{8D8439ED-5C76-4B32-9B17-F0B8E0498C1B}.Debug|Any CPU.Build.0 = Debug|Any CPU
		{8D8439ED-5C76-4B32-9B17-F0B8E0498C1B}.Release|Any CPU.ActiveCfg = Release|Any CPU
		{8D8439ED-5C76-4B32-9B17-F0B8E0498C1B}.Release|Any CPU.Build.0 = Release|Any CPU
		{7824BBF8-BADC-4C6D-895E-DC486A2149A5}.Debug|Any CPU.ActiveCfg = Debug|Any CPU
		{7824BBF8-BADC-4C6D-895E-DC486A2149A5}.Debug|Any CPU.Build.0 = Debug|Any CPU
		{7824BBF8-BADC-4C6D-895E-DC486A2149A5}.Release|Any CPU.ActiveCfg = Release|Any CPU
		{7824BBF8-BADC-4C6D-895E-DC486A2149A5}.Release|Any CPU.Build.0 = Release|Any CPU
	EndGlobalSection
	GlobalSection(SolutionProperties) = preSolution
		HideSolutionNode = FALSE
	EndGlobalSection
	GlobalSection(ExtensibilityGlobals) = postSolution
		SolutionGuid = {5DBEA099-BD44-4FC4-ACCD-2A9B9E49A9B7}
	EndGlobalSection
EndGlobal
